PODS:
  - device_info_plus (0.0.1):
    - FlutterMacOS
  - FlutterMacOS (1.0.0)
  - irondash_engine_context (0.0.1):
    - FlutterMacOS
  - rive_native (0.0.1):
    - FlutterMacOS
  - screen_retriever_macos (0.0.1):
    - FlutterMacOS
  - super_native_extensions (0.0.1):
    - FlutterMacOS
  - video_player_avfoundation (0.0.1):
    - Flutter
    - FlutterMacOS
  - window_manager (0.5.0):
    - FlutterMacOS

DEPENDENCIES:
  - device_info_plus (from `Flutter/ephemeral/.symlinks/plugins/device_info_plus/macos`)
  - FlutterMacOS (from `Flutter/ephemeral`)
  - irondash_engine_context (from `Flutter/ephemeral/.symlinks/plugins/irondash_engine_context/macos`)
  - rive_native (from `Flutter/ephemeral/.symlinks/plugins/rive_native/macos`)
  - screen_retriever_macos (from `Flutter/ephemeral/.symlinks/plugins/screen_retriever_macos/macos`)
  - super_native_extensions (from `Flutter/ephemeral/.symlinks/plugins/super_native_extensions/macos`)
  - video_player_avfoundation (from `Flutter/ephemeral/.symlinks/plugins/video_player_avfoundation/darwin`)
  - window_manager (from `Flutter/ephemeral/.symlinks/plugins/window_manager/macos`)

EXTERNAL SOURCES:
  device_info_plus:
    :path: Flutter/ephemeral/.symlinks/plugins/device_info_plus/macos
  FlutterMacOS:
    :path: Flutter/ephemeral
  irondash_engine_context:
    :path: Flutter/ephemeral/.symlinks/plugins/irondash_engine_context/macos
  rive_native:
    :path: Flutter/ephemeral/.symlinks/plugins/rive_native/macos
  screen_retriever_macos:
    :path: Flutter/ephemeral/.symlinks/plugins/screen_retriever_macos/macos
  super_native_extensions:
    :path: Flutter/ephemeral/.symlinks/plugins/super_native_extensions/macos
  video_player_avfoundation:
    :path: Flutter/ephemeral/.symlinks/plugins/video_player_avfoundation/darwin
  window_manager:
    :path: Flutter/ephemeral/.symlinks/plugins/window_manager/macos

SPEC CHECKSUMS:
  device_info_plus: 4fb280989f669696856f8b129e4a5e3cd6c48f76
  FlutterMacOS: d0db08ddef1a9af05a5ec4b724367152bb0500b1
  irondash_engine_context: 893c7d96d20ce361d7e996f39d360c4c2f9869ba
  rive_native: 7c43020540833c8258564b726317daf39d2c3bda
  screen_retriever_macos: 452e51764a9e1cdb74b3c541238795849f21557f
  super_native_extensions: c2795d6d9aedf4a79fae25cb6160b71b50549189
  video_player_avfoundation: 3453f792138786248960ca029747fcd9f318ef52
  window_manager: b729e31d38fb04905235df9ea896128991cad99e

PODFILE CHECKSUM: 67dba9f95bb5c1dea955272fa0c964966a785db3

COCOAPODS: 1.16.2
